
Microsoft Visual Studio Solution File, Format Version 12.00
# Visual Studio Version 16
VisualStudioVersion = 16.0.30330.147
MinimumVisualStudioVersion = 10.0.40219.1
Project("{FAE04EC0-301F-11D3-BF4B-00C04F79EFBC}") = "ConsoleAppTp1", "TP1\ConsoleAppTp1\ConsoleAppTp1.csproj", "{769FC3FA-DBC4-45DE-A6DC-7035CB79364F}"
EndProject
Project("{2150E333-8FDC-42A3-9474-1A3956D46DE8}") = "TP1", "TP1", "{4C7FAABD-BF97-4C16-BE06-835054453391}"
EndProject
Global
	GlobalSection(SolutionConfigurationPlatforms) = preSolution
		Debug|Any CPU = Debug|Any CPU
		Release|Any CPU = Release|Any CPU
	EndGlobalSection
	GlobalSection(ProjectConfigurationPlatforms) = postSolution
		{769FC3FA-DBC4-45DE-A6DC-7035CB79364F}.Debug|Any CPU.ActiveCfg = Debug|Any CPU
		{769FC3FA-DBC4-45DE-A6DC-7035CB79364F}.Debug|Any CPU.Build.0 = Debug|Any CPU
		{769FC3FA-DBC4-45DE-A6DC-7035CB79364F}.Release|Any CPU.ActiveCfg = Release|Any CPU
		{769FC3FA-DBC4-45DE-A6DC-7035CB79364F}.Release|Any CPU.Build.0 = Release|Any CPU
	EndGlobalSection
	GlobalSection(SolutionProperties) = preSolution
		HideSolutionNode = FALSE
	EndGlobalSection
	GlobalSection(NestedProjects) = preSolution
		{769FC3FA-DBC4-45DE-A6DC-7035CB79364F} = {4C7FAABD-BF97-4C16-BE06-835054453391}
	EndGlobalSection
	GlobalSection(ExtensibilityGlobals) = postSolution
		SolutionGuid = {87112DE2-A571-442D-ACA6-6D6BA0F7E48A}
	EndGlobalSection
EndGlobal
